{
  "name": "transaction-summary-app",
  "version": "1.0.0",
  "lockfileVersion": 3,
  "requires": true,
  "packages": {
    "": {
      "name": "transaction-summary-app",
      "version": "1.0.0",
      "dependencies": {
        "colors": "1.4.1",
        "conducts": "^1.0.0",
        "lodash": "4.17.10",
        "minimist": "0.0.8",
        "nanoid": "5.0.8"
      }
    },
    "node_modules/colors": {
      "version": "1.4.1"
    },
    "node_modules/conducts": {
      "version": "1.0.0"
    },
    "node_modules/lodash": {
      "version": "4.17.10"
    },
    "node_modules/minimist": {
      "version": "0.0.8"
    },
    "node_modules/nanoid": {
      "version": "5.0.8"
    }
  },
  "dependencies": {
    "colors": {
      "version": "1.4.1"
    },
    "conducts": {
      "version": "1.0.0"
    },
    "lodash": {
      "version": "4.17.10"
    },
    "minimist": {
      "version": "0.0.8"
    },
    "nanoid": {
      "version": "5.0.8"
    }
  }
}
