{
  "name": "transaction-summary-app",
  "version": "1.0.0",
  "lockfileVersion": 3,
  "requires": true,
  "packages": {
    "": {
      "name": "transaction-summary-app",
      "version": "1.0.0",
      "dependencies": {
        "conducts": "^1.0.0"
      }
    },
    "node_modules/conducts": {
      "version": "1.0.0"
    }
  },
  "dependencies": {
    "conducts": {
      "version": "1.0.0"
    }
  }
}
