{
  "name": "transaction-summary-app-clean",
  "version": "1.0.0",
  "lockfileVersion": 3,
  "requires": true,
  "packages": {
    "": {
      "name": "transaction-summary-app-clean",
      "version": "1.0.0",
      "dependencies": {
        "nanoid": "5.0.9"
      }
    },
    "node_modules/nanoid": {
      "version": "5.0.9"
    }
  },
  "dependencies": {
    "nanoid": {
      "version": "5.0.9"
    }
  }
}
